// !$*UTF8*$!
{
	archiveVersion = 1;
	classes = {
	};
	objectVersion = 77;
	objects = {

/* Begin PBXBuildFile section */
		DFE3D5982F29A16700DB813D /* AppDelegate.swift in Sources */ = {isa = PBXBuildFile; fileRef = DFE3D5972F29A16700DB813D /* AppDelegate.swift */; };
		DFE3D59C2F29A16700DB813D /* Main.html in Resources */ = {isa = PBXBuildFile; fileRef = DFE3D59A2F29A16700DB813D /* Main.html */; };
		DFE3D59E2F29A16700DB813D /* Icon.png in Resources */ = {isa = PBXBuildFile; fileRef = DFE3D59D2F29A16700DB813D /* Icon.png */; };
		DFE3D5A02F29A16700DB813D /* Style.css in Resources */ = {isa = PBXBuildFile; fileRef = DFE3D59F2F29A16700DB813D /* Style.css */; };
		DFE3D5A22F29A16700DB813D /* Script.js in Resources */ = {isa = PBXBuildFile; fileRef = DFE3D5A12F29A16700DB813D /* Script.js */; };
		DFE3D5A42F29A16700DB813D /* ViewController.swift in Sources */ = {isa = PBXBuildFile; fileRef = DFE3D5A32F29A16700DB813D /* ViewController.swift */; };
		DFE3D5A72F29A16700DB813D /* Main.storyboard in Resources */ = {isa = PBXBuildFile; fileRef = DFE3D5A52F29A16700DB813D /* Main.storyboard */; };
		DFE3D5A92F29A16800DB813D /* Assets.xcassets in Resources */ = {isa = PBXBuildFile; fileRef = DFE3D5A82F29A16800DB813D /* Assets.xcassets */; };
		DFE3D5B02F29A16800DB813D /* Tab Manager v2 Extension.appex in Embed Foundation Extensions */ = {isa = PBXBuildFile; fileRef = DFE3D5AF2F29A16800DB813D /* Tab Manager v2 Extension.appex */; settings = {ATTRIBUTES = (RemoveHeadersOnCopy, ); }; };
		DFE3D5B52F29A16800DB813D /* SafariWebExtensionHandler.swift in Sources */ = {isa = PBXBuildFile; fileRef = DFE3D5B42F29A16800DB813D /* SafariWebExtensionHandler.swift */; };
		DFE3D5D62F29A16900DB813D /* icon-128-dark.png in Resources */ = {isa = PBXBuildFile; fileRef = DFE3D5C12F29A16900DB813D /* icon-128-dark.png */; };
		DFE3D5D72F29A16900DB813D /* icon-16-dark.png in Resources */ = {isa = PBXBuildFile; fileRef = DFE3D5C22F29A16900DB813D /* icon-16-dark.png */; };
		DFE3D5D82F29A16900DB813D /* icon-16.png in Resources */ = {isa = PBXBuildFile; fileRef = DFE3D5C32F29A16900DB813D /* icon-16.png */; };
		DFE3D5D92F29A16900DB813D /* popup.js in Resources */ = {isa = PBXBuildFile; fileRef = DFE3D5C42F29A16900DB813D /* popup.js */; };
		DFE3D5DA2F29A16900DB813D /* settings.png in Resources */ = {isa = PBXBuildFile; fileRef = DFE3D5C52F29A16900DB813D /* settings.png */; };
		DFE3D5DB2F29A16900DB813D /* popup.js.LICENSE.txt in Resources */ = {isa = PBXBuildFile; fileRef = DFE3D5C62F29A16900DB813D /* popup.js.LICENSE.txt */; };
		DFE3D5DC2F29A16900DB813D /* background.js in Resources */ = {isa = PBXBuildFile; fileRef = DFE3D5C72F29A16900DB813D /* background.js */; };
		DFE3D5DD2F29A16900DB813D /* icon-48-dark.png in Resources */ = {isa = PBXBuildFile; fileRef = DFE3D5C82F29A16900DB813D /* icon-48-dark.png */; };
		DFE3D5DE2F29A16900DB813D /* empty.png in Resources */ = {isa = PBXBuildFile; fileRef = DFE3D5C92F29A16900DB813D /* empty.png */; };
		DFE3D5DF2F29A16900DB813D /* popup.html in Resources */ = {isa = PBXBuildFile; fileRef = DFE3D5CA2F29A16900DB813D /* popup.html */; };
		DFE3D5E02F29A16900DB813D /* icon-48.png in Resources */ = {isa = PBXBuildFile; fileRef = DFE3D5CB2F29A16900DB813D /* icon-48.png */; };
		DFE3D5E12F29A16900DB813D /* downloads.png in Resources */ = {isa = PBXBuildFile; fileRef = DFE3D5CC2F29A16900DB813D /* downloads.png */; };
		DFE3D5E22F29A16900DB813D /* crashes.png in Resources */ = {isa = PBXBuildFile; fileRef = DFE3D5CD2F29A16900DB813D /* crashes.png */; };
		DFE3D5E32F29A16900DB813D /* history.png in Resources */ = {isa = PBXBuildFile; fileRef = DFE3D5CE2F29A16900DB813D /* history.png */; };
		DFE3D5E42F29A16900DB813D /* chrome.png in Resources */ = {isa = PBXBuildFile; fileRef = DFE3D5CF2F29A16900DB813D /* chrome.png */; };
		DFE3D5E52F29A16900DB813D /* manifest.json in Resources */ = {isa = PBXBuildFile; fileRef = DFE3D5D02F29A16900DB813D /* manifest.json */; };
		DFE3D5E62F29A16900DB813D /* popup.css in Resources */ = {isa = PBXBuildFile; fileRef = DFE3D5D12F29A16900DB813D /* popup.css */; };
		DFE3D5E72F29A16900DB813D /* flags.png in Resources */ = {isa = PBXBuildFile; fileRef = DFE3D5D22F29A16900DB813D /* flags.png */; };
		DFE3D5E82F29A16900DB813D /* icon-128.png in Resources */ = {isa = PBXBuildFile; fileRef = DFE3D5D32F29A16900DB813D /* icon-128.png */; };
		DFE3D5E92F29A16900DB813D /* bookmarks.png in Resources */ = {isa = PBXBuildFile; fileRef = DFE3D5D42F29A16900DB813D /* bookmarks.png */; };
		DFE3D5EA2F29A16900DB813D /* extensions.png in Resources */ = {isa = PBXBuildFile; fileRef = DFE3D5D52F29A16900DB813D /* extensions.png */; };
/* End PBXBuildFile section */

/* Begin PBXContainerItemProxy section */
		DFE3D5B12F29A16800DB813D /* PBXContainerItemProxy */ = {
			isa = PBXContainerItemProxy;
			containerPortal = DFE3D58C2F29A16700DB813D /* Project object */;
			proxyType = 1;
			remoteGlobalIDString = DFE3D5AE2F29A16800DB813D;
			remoteInfo = "Tab Manager v2 Extension";
		};
/* End PBXContainerItemProxy section */

/* Begin PBXCopyFilesBuildPhase section */
		DFE3D5BC2F29A16800DB813D /* Embed Foundation Extensions */ = {
			isa = PBXCopyFilesBuildPhase;
			buildActionMask = 2147483647;
			dstPath = "";
			dstSubfolderSpec = 13;
			files = (
				DFE3D5B02F29A16800DB813D /* Tab Manager v2 Extension.appex in Embed Foundation Extensions */,
			);
			name = "Embed Foundation Extensions";
			runOnlyForDeploymentPostprocessing = 0;
		};
/* End PBXCopyFilesBuildPhase section */

/* Begin PBXFileReference section */
		DFE3D5942F29A16700DB813D /* Tab Manager v2.app */ = {isa = PBXFileReference; explicitFileType = wrapper.application; includeInIndex = 0; path = "Tab Manager v2.app"; sourceTree = BUILT_PRODUCTS_DIR; };
		DFE3D5972F29A16700DB813D /* AppDelegate.swift */ = {isa = PBXFileReference; lastKnownFileType = sourcecode.swift; path = AppDelegate.swift; sourceTree = "<group>"; };
		DFE3D59B2F29A16700DB813D /* Base */ = {isa = PBXFileReference; lastKnownFileType = text.html; name = Base; path = Base.lproj/Main.html; sourceTree = "<group>"; };
		DFE3D59D2F29A16700DB813D /* Icon.png */ = {isa = PBXFileReference; lastKnownFileType = image.png; path = Icon.png; sourceTree = "<group>"; };
		DFE3D59F2F29A16700DB813D /* Style.css */ = {isa = PBXFileReference; lastKnownFileType = text.css; path = Style.css; sourceTree = "<group>"; };
		DFE3D5A12F29A16700DB813D /* Script.js */ = {isa = PBXFileReference; lastKnownFileType = sourcecode.javascript; path = Script.js; sourceTree = "<group>"; };
		DFE3D5A32F29A16700DB813D /* ViewController.swift */ = {isa = PBXFileReference; lastKnownFileType = sourcecode.swift; path = ViewController.swift; sourceTree = "<group>"; };
		DFE3D5A62F29A16700DB813D /* Base */ = {isa = PBXFileReference; lastKnownFileType = file.storyboard; name = Base; path = Base.lproj/Main.storyboard; sourceTree = "<group>"; };
		DFE3D5A82F29A16800DB813D /* Assets.xcassets */ = {isa = PBXFileReference; lastKnownFileType = folder.assetcatalog; path = Assets.xcassets; sourceTree = "<group>"; };
		DFE3D5AA2F29A16800DB813D /* Info.plist */ = {isa = PBXFileReference; lastKnownFileType = text.plist.xml; path = Info.plist; sourceTree = "<group>"; };
		DFE3D5AF2F29A16800DB813D /* Tab Manager v2 Extension.appex */ = {isa = PBXFileReference; explicitFileType = "wrapper.app-extension"; includeInIndex = 0; path = "Tab Manager v2 Extension.appex"; sourceTree = BUILT_PRODUCTS_DIR; };
		DFE3D5B42F29A16800DB813D /* SafariWebExtensionHandler.swift */ = {isa = PBXFileReference; lastKnownFileType = sourcecode.swift; path = SafariWebExtensionHandler.swift; sourceTree = "<group>"; };
		DFE3D5B62F29A16800DB813D /* Info.plist */ = {isa = PBXFileReference; lastKnownFileType = text.plist.xml; path = Info.plist; sourceTree = "<group>"; };
		DFE3D5C12F29A16900DB813D /* icon-128-dark.png */ = {isa = PBXFileReference; lastKnownFileType = image.png; name = "icon-128-dark.png"; path = "Resources/icon-128-dark.png"; sourceTree = "<group>"; };
		DFE3D5C22F29A16900DB813D /* icon-16-dark.png */ = {isa = PBXFileReference; lastKnownFileType = image.png; name = "icon-16-dark.png"; path = "Resources/icon-16-dark.png"; sourceTree = "<group>"; };
		DFE3D5C32F29A16900DB813D /* icon-16.png */ = {isa = PBXFileReference; lastKnownFileType = image.png; name = "icon-16.png"; path = "Resources/icon-16.png"; sourceTree = "<group>"; };
		DFE3D5C42F29A16900DB813D /* popup.js */ = {isa = PBXFileReference; lastKnownFileType = sourcecode.javascript; name = popup.js; path = Resources/popup.js; sourceTree = "<group>"; };
		DFE3D5C52F29A16900DB813D /* settings.png */ = {isa = PBXFileReference; lastKnownFileType = image.png; name = settings.png; path = Resources/settings.png; sourceTree = "<group>"; };
		DFE3D5C62F29A16900DB813D /* popup.js.LICENSE.txt */ = {isa = PBXFileReference; lastKnownFileType = text; name = popup.js.LICENSE.txt; path = Resources/popup.js.LICENSE.txt; sourceTree = "<group>"; };
		DFE3D5C72F29A16900DB813D /* background.js */ = {isa = PBXFileReference; lastKnownFileType = sourcecode.javascript; name = background.js; path = Resources/background.js; sourceTree = "<group>"; };
		DFE3D5C82F29A16900DB813D /* icon-48-dark.png */ = {isa = PBXFileReference; lastKnownFileType = image.png; name = "icon-48-dark.png"; path = "Resources/icon-48-dark.png"; sourceTree = "<group>"; };
		DFE3D5C92F29A16900DB813D /* empty.png */ = {isa = PBXFileReference; lastKnownFileType = image.png; name = empty.png; path = Resources/empty.png; sourceTree = "<group>"; };
		DFE3D5CA2F29A16900DB813D /* popup.html */ = {isa = PBXFileReference; lastKnownFileType = text.html; name = popup.html; path = Resources/popup.html; sourceTree = "<group>"; };
		DFE3D5CB2F29A16900DB813D /* icon-48.png */ = {isa = PBXFileReference; lastKnownFileType = image.png; name = "icon-48.png"; path = "Resources/icon-48.png"; sourceTree = "<group>"; };
		DFE3D5CC2F29A16900DB813D /* downloads.png */ = {isa = PBXFileReference; lastKnownFileType = image.png; name = downloads.png; path = Resources/downloads.png; sourceTree = "<group>"; };
		DFE3D5CD2F29A16900DB813D /* crashes.png */ = {isa = PBXFileReference; lastKnownFileType = image.png; name = crashes.png; path = Resources/crashes.png; sourceTree = "<group>"; };
		DFE3D5CE2F29A16900DB813D /* history.png */ = {isa = PBXFileReference; lastKnownFileType = image.png; name = history.png; path = Resources/history.png; sourceTree = "<group>"; };
		DFE3D5CF2F29A16900DB813D /* chrome.png */ = {isa = PBXFileReference; lastKnownFileType = image.png; name = chrome.png; path = Resources/chrome.png; sourceTree = "<group>"; };
		DFE3D5D02F29A16900DB813D /* manifest.json */ = {isa = PBXFileReference; lastKnownFileType = text.json; name = manifest.json; path = Resources/manifest.json; sourceTree = "<group>"; };
		DFE3D5D12F29A16900DB813D /* popup.css */ = {isa = PBXFileReference; lastKnownFileType = text.css; name = popup.css; path = Resources/popup.css; sourceTree = "<group>"; };
		DFE3D5D22F29A16900DB813D /* flags.png */ = {isa = PBXFileReference; lastKnownFileType = image.png; name = flags.png; path = Resources/flags.png; sourceTree = "<group>"; };
		DFE3D5D32F29A16900DB813D /* icon-128.png */ = {isa = PBXFileReference; lastKnownFileType = image.png; name = "icon-128.png"; path = "Resources/icon-128.png"; sourceTree = "<group>"; };
		DFE3D5D42F29A16900DB813D /* bookmarks.png */ = {isa = PBXFileReference; lastKnownFileType = image.png; name = bookmarks.png; path = Resources/bookmarks.png; sourceTree = "<group>"; };
		DFE3D5D52F29A16900DB813D /* extensions.png */ = {isa = PBXFileReference; lastKnownFileType = image.png; name = extensions.png; path = Resources/extensions.png; sourceTree = "<group>"; };
/* End PBXFileReference section */

/* Begin PBXFrameworksBuildPhase section */
		DFE3D5912F29A16700DB813D /* Frameworks */ = {
			isa = PBXFrameworksBuildPhase;
			buildActionMask = 2147483647;
			files = (
			);
			runOnlyForDeploymentPostprocessing = 0;
		};
		DFE3D5AC2F29A16800DB813D /* Frameworks */ = {
			isa = PBXFrameworksBuildPhase;
			buildActionMask = 2147483647;
			files = (
			);
			runOnlyForDeploymentPostprocessing = 0;
		};
/* End PBXFrameworksBuildPhase section */

/* Begin PBXGroup section */
		DFE3D58B2F29A16700DB813D = {
			isa = PBXGroup;
			children = (
				DFE3D5962F29A16700DB813D /* Tab Manager v2 */,
				DFE3D5B32F29A16800DB813D /* Tab Manager v2 Extension */,
				DFE3D5952F29A16700DB813D /* Products */,
			);
			sourceTree = "<group>";
		};
		DFE3D5952F29A16700DB813D /* Products */ = {
			isa = PBXGroup;
			children = (
				DFE3D5942F29A16700DB813D /* Tab Manager v2.app */,
				DFE3D5AF2F29A16800DB813D /* Tab Manager v2 Extension.appex */,
			);
			name = Products;
			sourceTree = "<group>";
		};
		DFE3D5962F29A16700DB813D /* Tab Manager v2 */ = {
			isa = PBXGroup;
			children = (
				DFE3D5972F29A16700DB813D /* AppDelegate.swift */,
				DFE3D5A32F29A16700DB813D /* ViewController.swift */,
				DFE3D5A52F29A16700DB813D /* Main.storyboard */,
				DFE3D5A82F29A16800DB813D /* Assets.xcassets */,
				DFE3D5AA2F29A16800DB813D /* Info.plist */,
				DFE3D5992F29A16700DB813D /* Resources */,
			);
			path = "Tab Manager v2";
			sourceTree = "<group>";
		};
		DFE3D5992F29A16700DB813D /* Resources */ = {
			isa = PBXGroup;
			children = (
				DFE3D59A2F29A16700DB813D /* Main.html */,
				DFE3D59D2F29A16700DB813D /* Icon.png */,
				DFE3D59F2F29A16700DB813D /* Style.css */,
				DFE3D5A12F29A16700DB813D /* Script.js */,
			);
			path = Resources;
			sourceTree = "<group>";
		};
		DFE3D5B32F29A16800DB813D /* Tab Manager v2 Extension */ = {
			isa = PBXGroup;
			children = (
				DFE3D5C02F29A16900DB813D /* Resources */,
				DFE3D5B42F29A16800DB813D /* SafariWebExtensionHandler.swift */,
				DFE3D5B62F29A16800DB813D /* Info.plist */,
			);
			path = "Tab Manager v2 Extension";
			sourceTree = "<group>";
		};
		DFE3D5C02F29A16900DB813D /* Resources */ = {
			isa = PBXGroup;
			children = (
				DFE3D5C12F29A16900DB813D /* icon-128-dark.png */,
				DFE3D5C22F29A16900DB813D /* icon-16-dark.png */,
				DFE3D5C32F29A16900DB813D /* icon-16.png */,
				DFE3D5C42F29A16900DB813D /* popup.js */,
				DFE3D5C52F29A16900DB813D /* settings.png */,
				DFE3D5C62F29A16900DB813D /* popup.js.LICENSE.txt */,
				DFE3D5C72F29A16900DB813D /* background.js */,
				DFE3D5C82F29A16900DB813D /* icon-48-dark.png */,
				DFE3D5C92F29A16900DB813D /* empty.png */,
				DFE3D5CA2F29A16900DB813D /* popup.html */,
				DFE3D5CB2F29A16900DB813D /* icon-48.png */,
				DFE3D5CC2F29A16900DB813D /* downloads.png */,
				DFE3D5CD2F29A16900DB813D /* crashes.png */,
				DFE3D5CE2F29A16900DB813D /* history.png */,
				DFE3D5CF2F29A16900DB813D /* chrome.png */,
				DFE3D5D02F29A16900DB813D /* manifest.json */,
				DFE3D5D12F29A16900DB813D /* popup.css */,
				DFE3D5D22F29A16900DB813D /* flags.png */,
				DFE3D5D32F29A16900DB813D /* icon-128.png */,
				DFE3D5D42F29A16900DB813D /* bookmarks.png */,
				DFE3D5D52F29A16900DB813D /* extensions.png */,
			);
			name = Resources;
			path = "Tab Manager v2 Extension";
			sourceTree = SOURCE_ROOT;
		};
/* End PBXGroup section */

/* Begin PBXNativeTarget section */
		DFE3D5932F29A16700DB813D /* Tab Manager v2 */ = {
			isa = PBXNativeTarget;
			buildConfigurationList = DFE3D5BD2F29A16800DB813D /* Build configuration list for PBXNativeTarget "Tab Manager v2" */;
			buildPhases = (
				DFE3D5902F29A16700DB813D /* Sources */,
				DFE3D5912F29A16700DB813D /* Frameworks */,
				DFE3D5922F29A16700DB813D /* Resources */,
				DFE3D5BC2F29A16800DB813D /* Embed Foundation Extensions */,
			);
			buildRules = (
			);
			dependencies = (
				DFE3D5B22F29A16800DB813D /* PBXTargetDependency */,
			);
			name = "Tab Manager v2";
			packageProductDependencies = (
			);
			productName = "Tab Manager v2";
			productReference = DFE3D5942F29A16700DB813D /* Tab Manager v2.app */;
			productType = "com.apple.product-type.application";
		};
		DFE3D5AE2F29A16800DB813D /* Tab Manager v2 Extension */ = {
			isa = PBXNativeTarget;
			buildConfigurationList = DFE3D5B92F29A16800DB813D /* Build configuration list for PBXNativeTarget "Tab Manager v2 Extension" */;
			buildPhases = (
				DFE3D5AB2F29A16800DB813D /* Sources */,
				DFE3D5AC2F29A16800DB813D /* Frameworks */,
				DFE3D5AD2F29A16800DB813D /* Resources */,
			);
			buildRules = (
			);
			dependencies = (
			);
			name = "Tab Manager v2 Extension";
			packageProductDependencies = (
			);
			productName = "Tab Manager v2 Extension";
			productReference = DFE3D5AF2F29A16800DB813D /* Tab Manager v2 Extension.appex */;
			productType = "com.apple.product-type.app-extension";
		};
/* End PBXNativeTarget section */

/* Begin PBXProject section */
		DFE3D58C2F29A16700DB813D /* Project object */ = {
			isa = PBXProject;
			attributes = {
				BuildIndependentTargetsInParallel = 1;
				LastSwiftUpdateCheck = 2620;
				LastUpgradeCheck = 2620;
				TargetAttributes = {
					DFE3D5932F29A16700DB813D = {
						CreatedOnToolsVersion = 26.2;
					};
					DFE3D5AE2F29A16800DB813D = {
						CreatedOnToolsVersion = 26.2;
					};
				};
			};
			buildConfigurationList = DFE3D58F2F29A16700DB813D /* Build configuration list for PBXProject "Tab Manager v2" */;
			developmentRegion = en;
			hasScannedForEncodings = 0;
			knownRegions = (
				en,
				Base,
			);
			mainGroup = DFE3D58B2F29A16700DB813D;
			minimizedProjectReferenceProxies = 1;
			preferredProjectObjectVersion = 77;
			productRefGroup = DFE3D5952F29A16700DB813D /* Products */;
			projectDirPath = "";
			projectRoot = "";
			targets = (
				DFE3D5932F29A16700DB813D /* Tab Manager v2 */,
				DFE3D5AE2F29A16800DB813D /* Tab Manager v2 Extension */,
			);
		};
/* End PBXProject section */

/* Begin PBXResourcesBuildPhase section */
		DFE3D5922F29A16700DB813D /* Resources */ = {
			isa = PBXResourcesBuildPhase;
			buildActionMask = 2147483647;
			files = (
				DFE3D59E2F29A16700DB813D /* Icon.png in Resources */,
				DFE3D5A72F29A16700DB813D /* Main.storyboard in Resources */,
				DFE3D5A22F29A16700DB813D /* Script.js in Resources */,
				DFE3D59C2F29A16700DB813D /* Main.html in Resources */,
				DFE3D5A92F29A16800DB813D /* Assets.xcassets in Resources */,
				DFE3D5A02F29A16700DB813D /* Style.css in Resources */,
			);
			runOnlyForDeploymentPostprocessing = 0;
		};
		DFE3D5AD2F29A16800DB813D /* Resources */ = {
			isa = PBXResourcesBuildPhase;
			buildActionMask = 2147483647;
			files = (
				DFE3D5DB2F29A16900DB813D /* popup.js.LICENSE.txt in Resources */,
				DFE3D5DF2F29A16900DB813D /* popup.html in Resources */,
				DFE3D5D62F29A16900DB813D /* icon-128-dark.png in Resources */,
				DFE3D5E72F29A16900DB813D /* flags.png in Resources */,
				DFE3D5DC2F29A16900DB813D /* background.js in Resources */,
				DFE3D5E02F29A16900DB813D /* icon-48.png in Resources */,
				DFE3D5DA2F29A16900DB813D /* settings.png in Resources */,
				DFE3D5E32F29A16900DB813D /* history.png in Resources */,
				DFE3D5DD2F29A16900DB813D /* icon-48-dark.png in Resources */,
				DFE3D5E92F29A16900DB813D /* bookmarks.png in Resources */,
				DFE3D5E82F29A16900DB813D /* icon-128.png in Resources */,
				DFE3D5DE2F29A16900DB813D /* empty.png in Resources */,
				DFE3D5E42F29A16900DB813D /* chrome.png in Resources */,
				DFE3D5D72F29A16900DB813D /* icon-16-dark.png in Resources */,
				DFE3D5D82F29A16900DB813D /* icon-16.png in Resources */,
				DFE3D5E62F29A16900DB813D /* popup.css in Resources */,
				DFE3D5E52F29A16900DB813D /* manifest.json in Resources */,
				DFE3D5EA2F29A16900DB813D /* extensions.png in Resources */,
				DFE3D5D92F29A16900DB813D /* popup.js in Resources */,
				DFE3D5E12F29A16900DB813D /* downloads.png in Resources */,
				DFE3D5E22F29A16900DB813D /* crashes.png in Resources */,
			);
			runOnlyForDeploymentPostprocessing = 0;
		};
/* End PBXResourcesBuildPhase section */

/* Begin PBXSourcesBuildPhase section */
		DFE3D5902F29A16700DB813D /* Sources */ = {
			isa = PBXSourcesBuildPhase;
			buildActionMask = 2147483647;
			files = (
				DFE3D5A42F29A16700DB813D /* ViewController.swift in Sources */,
				DFE3D5982F29A16700DB813D /* AppDelegate.swift in Sources */,
			);
			runOnlyForDeploymentPostprocessing = 0;
		};
		DFE3D5AB2F29A16800DB813D /* Sources */ = {
			isa = PBXSourcesBuildPhase;
			buildActionMask = 2147483647;
			files = (
				DFE3D5B52F29A16800DB813D /* SafariWebExtensionHandler.swift in Sources */,
			);
			runOnlyForDeploymentPostprocessing = 0;
		};
/* End PBXSourcesBuildPhase section */

/* Begin PBXTargetDependency section */
		DFE3D5B22F29A16800DB813D /* PBXTargetDependency */ = {
			isa = PBXTargetDependency;
			target = DFE3D5AE2F29A16800DB813D /* Tab Manager v2 Extension */;
			targetProxy = DFE3D5B12F29A16800DB813D /* PBXContainerItemProxy */;
		};
/* End PBXTargetDependency section */

/* Begin PBXVariantGroup section */
		DFE3D59A2F29A16700DB813D /* Main.html */ = {
			isa = PBXVariantGroup;
			children = (
				DFE3D59B2F29A16700DB813D /* Base */,
			);
			name = Main.html;
			sourceTree = "<group>";
		};
		DFE3D5A52F29A16700DB813D /* Main.storyboard */ = {
			isa = PBXVariantGroup;
			children = (
				DFE3D5A62F29A16700DB813D /* Base */,
			);
			name = Main.storyboard;
			sourceTree = "<group>";
		};
/* End PBXVariantGroup section */

/* Begin XCBuildConfiguration section */
		DFE3D5B72F29A16800DB813D /* Debug */ = {
			isa = XCBuildConfiguration;
			buildSettings = {
				ALWAYS_SEARCH_USER_PATHS = NO;
				ASSETCATALOG_COMPILER_GENERATE_SWIFT_ASSET_SYMBOL_EXTENSIONS = YES;
				CLANG_ANALYZER_NONNULL = YES;
				CLANG_ANALYZER_NUMBER_OBJECT_CONVERSION = YES_AGGRESSIVE;
				CLANG_CXX_LANGUAGE_STANDARD = "gnu++20";
				CLANG_ENABLE_MODULES = YES;
				CLANG_ENABLE_OBJC_ARC = YES;
				CLANG_ENABLE_OBJC_WEAK = YES;
				CLANG_WARN_BLOCK_CAPTURE_AUTORELEASING = YES;
				CLANG_WARN_BOOL_CONVERSION = YES;
				CLANG_WARN_COMMA = YES;
				CLANG_WARN_CONSTANT_CONVERSION = YES;
				CLANG_WARN_DEPRECATED_OBJC_IMPLEMENTATIONS = YES;
				CLANG_WARN_DIRECT_OBJC_ISA_USAGE = YES_ERROR;
				CLANG_WARN_DOCUMENTATION_COMMENTS = YES;
				CLANG_WARN_EMPTY_BODY = YES;
				CLANG_WARN_ENUM_CONVERSION = YES;
				CLANG_WARN_INFINITE_RECURSION = YES;
				CLANG_WARN_INT_CONVERSION = YES;
				CLANG_WARN_NON_LITERAL_NULL_CONVERSION = YES;
				CLANG_WARN_OBJC_IMPLICIT_RETAIN_SELF = YES;
				CLANG_WARN_OBJC_LITERAL_CONVERSION = YES;
				CLANG_WARN_OBJC_ROOT_CLASS = YES_ERROR;
				CLANG_WARN_QUOTED_INCLUDE_IN_FRAMEWORK_HEADER = YES;
				CLANG_WARN_RANGE_LOOP_ANALYSIS = YES;
				CLANG_WARN_STRICT_PROTOTYPES = YES;
				CLANG_WARN_SUSPICIOUS_MOVE = YES;
				CLANG_WARN_UNGUARDED_AVAILABILITY = YES_AGGRESSIVE;
				CLANG_WARN_UNREACHABLE_CODE = YES;
				CLANG_WARN__DUPLICATE_METHOD_MATCH = YES;
				COPY_PHASE_STRIP = NO;
				DEBUG_INFORMATION_FORMAT = dwarf;
				ENABLE_STRICT_OBJC_MSGSEND = YES;
				ENABLE_TESTABILITY = YES;
				ENABLE_USER_SCRIPT_SANDBOXING = YES;
				GCC_C_LANGUAGE_STANDARD = gnu17;
				GCC_DYNAMIC_NO_PIC = NO;
				GCC_NO_COMMON_BLOCKS = YES;
				GCC_OPTIMIZATION_LEVEL = 0;
				GCC_PREPROCESSOR_DEFINITIONS = (
					"DEBUG=1",
					"$(inherited)",
				);
				GCC_WARN_64_TO_32_BIT_CONVERSION = YES;
				GCC_WARN_ABOUT_RETURN_TYPE = YES_ERROR;
				GCC_WARN_UNDECLARED_SELECTOR = YES;
				GCC_WARN_UNINITIALIZED_AUTOS = YES_AGGRESSIVE;
				GCC_WARN_UNUSED_FUNCTION = YES;
				GCC_WARN_UNUSED_VARIABLE = YES;
				LOCALIZATION_PREFERS_STRING_CATALOGS = YES;
				MACOSX_DEPLOYMENT_TARGET = 26.2;
				MTL_ENABLE_DEBUG_INFO = INCLUDE_SOURCE;
				MTL_FAST_MATH = YES;
				ONLY_ACTIVE_ARCH = YES;
				SDKROOT = macosx;
				SWIFT_ACTIVE_COMPILATION_CONDITIONS = "DEBUG $(inherited)";
				SWIFT_OPTIMIZATION_LEVEL = "-Onone";
			};
			name = Debug;
		};
		DFE3D5B82F29A16800DB813D /* Release */ = {
			isa = XCBuildConfiguration;
			buildSettings = {
				ALWAYS_SEARCH_USER_PATHS = NO;
				ASSETCATALOG_COMPILER_GENERATE_SWIFT_ASSET_SYMBOL_EXTENSIONS = YES;
				CLANG_ANALYZER_NONNULL = YES;
				CLANG_ANALYZER_NUMBER_OBJECT_CONVERSION = YES_AGGRESSIVE;
				CLANG_CXX_LANGUAGE_STANDARD = "gnu++20";
				CLANG_ENABLE_MODULES = YES;
				CLANG_ENABLE_OBJC_ARC = YES;
				CLANG_ENABLE_OBJC_WEAK = YES;
				CLANG_WARN_BLOCK_CAPTURE_AUTORELEASING = YES;
				CLANG_WARN_BOOL_CONVERSION = YES;
				CLANG_WARN_COMMA = YES;
				CLANG_WARN_CONSTANT_CONVERSION = YES;
				CLANG_WARN_DEPRECATED_OBJC_IMPLEMENTATIONS = YES;
				CLANG_WARN_DIRECT_OBJC_ISA_USAGE = YES_ERROR;
				CLANG_WARN_DOCUMENTATION_COMMENTS = YES;
				CLANG_WARN_EMPTY_BODY = YES;
				CLANG_WARN_ENUM_CONVERSION = YES;
				CLANG_WARN_INFINITE_RECURSION = YES;
				CLANG_WARN_INT_CONVERSION = YES;
				CLANG_WARN_NON_LITERAL_NULL_CONVERSION = YES;
				CLANG_WARN_OBJC_IMPLICIT_RETAIN_SELF = YES;
				CLANG_WARN_OBJC_LITERAL_CONVERSION = YES;
				CLANG_WARN_OBJC_ROOT_CLASS = YES_ERROR;
				CLANG_WARN_QUOTED_INCLUDE_IN_FRAMEWORK_HEADER = YES;
				CLANG_WARN_RANGE_LOOP_ANALYSIS = YES;
				CLANG_WARN_STRICT_PROTOTYPES = YES;
				CLANG_WARN_SUSPICIOUS_MOVE = YES;
				CLANG_WARN_UNGUARDED_AVAILABILITY = YES_AGGRESSIVE;
				CLANG_WARN_UNREACHABLE_CODE = YES;
				CLANG_WARN__DUPLICATE_METHOD_MATCH = YES;
				COPY_PHASE_STRIP = NO;
				DEBUG_INFORMATION_FORMAT = "dwarf-with-dsym";
				ENABLE_NS_ASSERTIONS = NO;
				ENABLE_STRICT_OBJC_MSGSEND = YES;
				ENABLE_USER_SCRIPT_SANDBOXING = YES;
				GCC_C_LANGUAGE_STANDARD = gnu17;
				GCC_NO_COMMON_BLOCKS = YES;
				GCC_WARN_64_TO_32_BIT_CONVERSION = YES;
				GCC_WARN_ABOUT_RETURN_TYPE = YES_ERROR;
				GCC_WARN_UNDECLARED_SELECTOR = YES;
				GCC_WARN_UNINITIALIZED_AUTOS = YES_AGGRESSIVE;
				GCC_WARN_UNUSED_FUNCTION = YES;
				GCC_WARN_UNUSED_VARIABLE = YES;
				LOCALIZATION_PREFERS_STRING_CATALOGS = YES;
				MACOSX_DEPLOYMENT_TARGET = 26.2;
				MTL_ENABLE_DEBUG_INFO = NO;
				MTL_FAST_MATH = YES;
				SDKROOT = macosx;
				SWIFT_COMPILATION_MODE = wholemodule;
			};
			name = Release;
		};
		DFE3D5BA2F29A16800DB813D /* Debug */ = {
			isa = XCBuildConfiguration;
			buildSettings = {
				CODE_SIGN_STYLE = Automatic;
				CURRENT_PROJECT_VERSION = 1;
				ENABLE_APP_SANDBOX = YES;
				ENABLE_HARDENED_RUNTIME = YES;
				ENABLE_USER_SELECTED_FILES = readonly;
				GENERATE_INFOPLIST_FILE = YES;
				INFOPLIST_FILE = "Tab Manager v2 Extension/Info.plist";
				INFOPLIST_KEY_CFBundleDisplayName = "Tab Manager v2 Extension";
				INFOPLIST_KEY_NSHumanReadableCopyright = "";
				LD_RUNPATH_SEARCH_PATHS = (
					"$(inherited)",
					"@executable_path/../Frameworks",
					"@executable_path/../../../../Frameworks",
				);
				MACOSX_DEPLOYMENT_TARGET = 10.14;
				MARKETING_VERSION = 1.0;
				OTHER_LDFLAGS = (
					"-framework",
					SafariServices,
				);
				PRODUCT_BUNDLE_IDENTIFIER = "com.xcv58.Tab-Manager-v2.Extension";
				PRODUCT_NAME = "$(TARGET_NAME)";
				SKIP_INSTALL = YES;
				STRING_CATALOG_GENERATE_SYMBOLS = YES;
				SWIFT_APPROACHABLE_CONCURRENCY = YES;
				SWIFT_EMIT_LOC_STRINGS = YES;
				SWIFT_UPCOMING_FEATURE_MEMBER_IMPORT_VISIBILITY = YES;
				SWIFT_VERSION = 5.0;
			};
			name = Debug;
		};
		DFE3D5BB2F29A16800DB813D /* Release */ = {
			isa = XCBuildConfiguration;
			buildSettings = {
				CODE_SIGN_STYLE = Automatic;
				CURRENT_PROJECT_VERSION = 1;
				ENABLE_APP_SANDBOX = YES;
				ENABLE_HARDENED_RUNTIME = YES;
				ENABLE_USER_SELECTED_FILES = readonly;
				GENERATE_INFOPLIST_FILE = YES;
				INFOPLIST_FILE = "Tab Manager v2 Extension/Info.plist";
				INFOPLIST_KEY_CFBundleDisplayName = "Tab Manager v2 Extension";
				INFOPLIST_KEY_NSHumanReadableCopyright = "";
				LD_RUNPATH_SEARCH_PATHS = (
					"$(inherited)",
					"@executable_path/../Frameworks",
					"@executable_path/../../../../Frameworks",
				);
				MACOSX_DEPLOYMENT_TARGET = 10.14;
				MARKETING_VERSION = 1.0;
				OTHER_LDFLAGS = (
					"-framework",
					SafariServices,
				);
				PRODUCT_BUNDLE_IDENTIFIER = "com.xcv58.Tab-Manager-v2.Extension";
				PRODUCT_NAME = "$(TARGET_NAME)";
				SKIP_INSTALL = YES;
				STRING_CATALOG_GENERATE_SYMBOLS = YES;
				SWIFT_APPROACHABLE_CONCURRENCY = YES;
				SWIFT_EMIT_LOC_STRINGS = YES;
				SWIFT_UPCOMING_FEATURE_MEMBER_IMPORT_VISIBILITY = YES;
				SWIFT_VERSION = 5.0;
			};
			name = Release;
		};
		DFE3D5BE2F29A16800DB813D /* Debug */ = {
			isa = XCBuildConfiguration;
			buildSettings = {
				ASSETCATALOG_COMPILER_APPICON_NAME = AppIcon;
				ASSETCATALOG_COMPILER_GLOBAL_ACCENT_COLOR_NAME = AccentColor;
				CODE_SIGN_STYLE = Automatic;
				COMBINE_HIDPI_IMAGES = YES;
				CURRENT_PROJECT_VERSION = 1;
				ENABLE_APP_SANDBOX = YES;
				ENABLE_HARDENED_RUNTIME = YES;
				ENABLE_OUTGOING_NETWORK_CONNECTIONS = YES;
				ENABLE_USER_SELECTED_FILES = readonly;
				GENERATE_INFOPLIST_FILE = YES;
				INFOPLIST_FILE = "Tab Manager v2/Info.plist";
				INFOPLIST_KEY_CFBundleDisplayName = "Tab Manager v2";
				INFOPLIST_KEY_NSHumanReadableCopyright = "";
				INFOPLIST_KEY_NSMainStoryboardFile = Main;
				INFOPLIST_KEY_NSPrincipalClass = NSApplication;
				LD_RUNPATH_SEARCH_PATHS = (
					"$(inherited)",
					"@executable_path/../Frameworks",
				);
				MARKETING_VERSION = 1.0;
				OTHER_LDFLAGS = (
					"-framework",
					SafariServices,
					"-framework",
					WebKit,
				);
				PRODUCT_BUNDLE_IDENTIFIER = "com.xcv58.Tab-Manager-v2";
				PRODUCT_NAME = "$(TARGET_NAME)";
				REGISTER_APP_GROUPS = YES;
				STRING_CATALOG_GENERATE_SYMBOLS = YES;
				SWIFT_APPROACHABLE_CONCURRENCY = YES;
				SWIFT_DEFAULT_ACTOR_ISOLATION = MainActor;
				SWIFT_EMIT_LOC_STRINGS = YES;
				SWIFT_UPCOMING_FEATURE_MEMBER_IMPORT_VISIBILITY = YES;
				SWIFT_VERSION = 5.0;
			};
			name = Debug;
		};
		DFE3D5BF2F29A16800DB813D /* Release */ = {
			isa = XCBuildConfiguration;
			buildSettings = {
				ASSETCATALOG_COMPILER_APPICON_NAME = AppIcon;
				ASSETCATALOG_COMPILER_GLOBAL_ACCENT_COLOR_NAME = AccentColor;
				CODE_SIGN_STYLE = Automatic;
				COMBINE_HIDPI_IMAGES = YES;
				CURRENT_PROJECT_VERSION = 1;
				ENABLE_APP_SANDBOX = YES;
				ENABLE_HARDENED_RUNTIME = YES;
				ENABLE_OUTGOING_NETWORK_CONNECTIONS = YES;
				ENABLE_USER_SELECTED_FILES = readonly;
				GENERATE_INFOPLIST_FILE = YES;
				INFOPLIST_FILE = "Tab Manager v2/Info.plist";
				INFOPLIST_KEY_CFBundleDisplayName = "Tab Manager v2";
				INFOPLIST_KEY_NSHumanReadableCopyright = "";
				INFOPLIST_KEY_NSMainStoryboardFile = Main;
				INFOPLIST_KEY_NSPrincipalClass = NSApplication;
				LD_RUNPATH_SEARCH_PATHS = (
					"$(inherited)",
					"@executable_path/../Frameworks",
				);
				MARKETING_VERSION = 1.0;
				OTHER_LDFLAGS = (
					"-framework",
					SafariServices,
					"-framework",
					WebKit,
				);
				PRODUCT_BUNDLE_IDENTIFIER = "com.xcv58.Tab-Manager-v2";
				PRODUCT_NAME = "$(TARGET_NAME)";
				REGISTER_APP_GROUPS = YES;
				STRING_CATALOG_GENERATE_SYMBOLS = YES;
				SWIFT_APPROACHABLE_CONCURRENCY = YES;
				SWIFT_DEFAULT_ACTOR_ISOLATION = MainActor;
				SWIFT_EMIT_LOC_STRINGS = YES;
				SWIFT_UPCOMING_FEATURE_MEMBER_IMPORT_VISIBILITY = YES;
				SWIFT_VERSION = 5.0;
			};
			name = Release;
		};
/* End XCBuildConfiguration section */

/* Begin XCConfigurationList section */
		DFE3D58F2F29A16700DB813D /* Build configuration list for PBXProject "Tab Manager v2" */ = {
			isa = XCConfigurationList;
			buildConfigurations = (
				DFE3D5B72F29A16800DB813D /* Debug */,
				DFE3D5B82F29A16800DB813D /* Release */,
			);
			defaultConfigurationIsVisible = 0;
			defaultConfigurationName = Release;
		};
		DFE3D5B92F29A16800DB813D /* Build configuration list for PBXNativeTarget "Tab Manager v2 Extension" */ = {
			isa = XCConfigurationList;
			buildConfigurations = (
				DFE3D5BA2F29A16800DB813D /* Debug */,
				DFE3D5BB2F29A16800DB813D /* Release */,
			);
			defaultConfigurationIsVisible = 0;
			defaultConfigurationName = Release;
		};
		DFE3D5BD2F29A16800DB813D /* Build configuration list for PBXNativeTarget "Tab Manager v2" */ = {
			isa = XCConfigurationList;
			buildConfigurations = (
				DFE3D5BE2F29A16800DB813D /* Debug */,
				DFE3D5BF2F29A16800DB813D /* Release */,
			);
			defaultConfigurationIsVisible = 0;
			defaultConfigurationName = Release;
		};
/* End XCConfigurationList section */
	};
	rootObject = DFE3D58C2F29A16700DB813D /* Project object */;
}
